
Microsoft Visual Studio Solution File, Format Version 12.00
# Visual Studio Version 17
VisualStudioVersion = 17.11.35312.102
MinimumVisualStudioVersion = 10.0.40219.1
Project("{9A19103F-16F7-4668-BE54-9A1E7A4F7556}") = "Predictive-Healthcare-Management-System", "Predictive-Healthcare-Management-System\Predictive-Healthcare-Management-System.csproj", "{0AC8458E-A6E8-4140-A788-731CCFF0A8A4}"
EndProject
Project("{2150E333-8FDC-42A3-9474-1A3956D46DE8}") = "WebAPI", "WebAPI", "{B76BCA1C-D17A-4398-B9BE-A17DC09D86E7}"
EndProject
Project("{2150E333-8FDC-42A3-9474-1A3956D46DE8}") = "Application", "Application", "{75F38616-5663-4B4D-8EFC-48A938AE55B5}"
EndProject
Project("{2150E333-8FDC-42A3-9474-1A3956D46DE8}") = "Domain", "Domain", "{06B63739-818C-466F-BFB3-4176C2336702}"
EndProject
Project("{2150E333-8FDC-42A3-9474-1A3956D46DE8}") = "Infrastructure", "Infrastructure", "{660D0B05-B69D-4563-859A-658F4028E7A1}"
EndProject
Project("{9A19103F-16F7-4668-BE54-9A1E7A4F7556}") = "Domain", "Domain\Domain.csproj", "{919A7E92-0DDC-43F2-A6E2-BC452EC7FDA6}"
EndProject
Project("{9A19103F-16F7-4668-BE54-9A1E7A4F7556}") = "Infrastructure", "Infrastructure\Infrastructure\Infrastructure.csproj", "{7DA180BD-FEE2-413C-B1D8-3DF0086FD0C3}"
	ProjectSection(ProjectDependencies) = postProject
		{919A7E92-0DDC-43F2-A6E2-BC452EC7FDA6} = {919A7E92-0DDC-43F2-A6E2-BC452EC7FDA6}
	EndProjectSection
EndProject
Project("{9A19103F-16F7-4668-BE54-9A1E7A4F7556}") = "Application", "Application\Application.csproj", "{F40179FE-B9BC-482D-AC45-A127DFDB77A3}"
EndProject
Project("{2150E333-8FDC-42A3-9474-1A3956D46DE8}") = "src", "src", "{EBC42171-3AAC-4943-AD07-16926C00BF8A}"
EndProject
Project("{2150E333-8FDC-42A3-9474-1A3956D46DE8}") = "tests", "tests", "{6F94BC02-CE4B-44D1-9C38-4F8DE54379AD}"
EndProject
Project("{2150E333-8FDC-42A3-9474-1A3956D46DE8}") = "Unit Tests", "Unit Tests", "{CE763AC2-12A7-49C3-B2EF-F13C6A238DFF}"
EndProject
Project("{2150E333-8FDC-42A3-9474-1A3956D46DE8}") = "Integration Tests", "Integration Tests", "{13A47593-83E6-4756-990A-CB06DFDA0F37}"
EndProject
Project("{9A19103F-16F7-4668-BE54-9A1E7A4F7556}") = "PredictiveHealthcareIntegrationUnitTests", "..\PredictiveHealthcareIntegrationUnitTests\PredictiveHealthcareIntegrationUnitTests.csproj", "{DF8283CC-1E57-4FDB-BF3A-423D29783D96}"
EndProject
Project("{9A19103F-16F7-4668-BE54-9A1E7A4F7556}") = "PredictiveHealthcare.Application.UnitTests", "..\PredictiveHealthcare.Application.UnitTests\PredictiveHealthcare.Application.UnitTests.csproj", "{ABA9A203-774B-44F5-B5B2-9E6C52BADBB6}"
EndProject
Global
	GlobalSection(SolutionConfigurationPlatforms) = preSolution
		Debug|Any CPU = Debug|Any CPU
		Release|Any CPU = Release|Any CPU
	EndGlobalSection
	GlobalSection(ProjectConfigurationPlatforms) = postSolution
		{0AC8458E-A6E8-4140-A788-731CCFF0A8A4}.Debug|Any CPU.ActiveCfg = Debug|Any CPU
		{0AC8458E-A6E8-4140-A788-731CCFF0A8A4}.Debug|Any CPU.Build.0 = Debug|Any CPU
		{0AC8458E-A6E8-4140-A788-731CCFF0A8A4}.Release|Any CPU.ActiveCfg = Release|Any CPU
		{0AC8458E-A6E8-4140-A788-731CCFF0A8A4}.Release|Any CPU.Build.0 = Release|Any CPU
		{919A7E92-0DDC-43F2-A6E2-BC452EC7FDA6}.Debug|Any CPU.ActiveCfg = Debug|Any CPU
		{919A7E92-0DDC-43F2-A6E2-BC452EC7FDA6}.Debug|Any CPU.Build.0 = Debug|Any CPU
		{919A7E92-0DDC-43F2-A6E2-BC452EC7FDA6}.Release|Any CPU.ActiveCfg = Release|Any CPU
		{919A7E92-0DDC-43F2-A6E2-BC452EC7FDA6}.Release|Any CPU.Build.0 = Release|Any CPU
		{7DA180BD-FEE2-413C-B1D8-3DF0086FD0C3}.Debug|Any CPU.ActiveCfg = Debug|Any CPU
		{7DA180BD-FEE2-413C-B1D8-3DF0086FD0C3}.Debug|Any CPU.Build.0 = Debug|Any CPU
		{7DA180BD-FEE2-413C-B1D8-3DF0086FD0C3}.Release|Any CPU.ActiveCfg = Release|Any CPU
		{7DA180BD-FEE2-413C-B1D8-3DF0086FD0C3}.Release|Any CPU.Build.0 = Release|Any CPU
		{F40179FE-B9BC-482D-AC45-A127DFDB77A3}.Debug|Any CPU.ActiveCfg = Debug|Any CPU
		{F40179FE-B9BC-482D-AC45-A127DFDB77A3}.Debug|Any CPU.Build.0 = Debug|Any CPU
		{F40179FE-B9BC-482D-AC45-A127DFDB77A3}.Release|Any CPU.ActiveCfg = Release|Any CPU
		{F40179FE-B9BC-482D-AC45-A127DFDB77A3}.Release|Any CPU.Build.0 = Release|Any CPU
		{DF8283CC-1E57-4FDB-BF3A-423D29783D96}.Debug|Any CPU.ActiveCfg = Debug|Any CPU
		{DF8283CC-1E57-4FDB-BF3A-423D29783D96}.Debug|Any CPU.Build.0 = Debug|Any CPU
		{DF8283CC-1E57-4FDB-BF3A-423D29783D96}.Release|Any CPU.ActiveCfg = Release|Any CPU
		{DF8283CC-1E57-4FDB-BF3A-423D29783D96}.Release|Any CPU.Build.0 = Release|Any CPU
		{ABA9A203-774B-44F5-B5B2-9E6C52BADBB6}.Debug|Any CPU.ActiveCfg = Debug|Any CPU
		{ABA9A203-774B-44F5-B5B2-9E6C52BADBB6}.Debug|Any CPU.Build.0 = Debug|Any CPU
		{ABA9A203-774B-44F5-B5B2-9E6C52BADBB6}.Release|Any CPU.ActiveCfg = Release|Any CPU
		{ABA9A203-774B-44F5-B5B2-9E6C52BADBB6}.Release|Any CPU.Build.0 = Release|Any CPU
	EndGlobalSection
	GlobalSection(SolutionProperties) = preSolution
		HideSolutionNode = FALSE
	EndGlobalSection
	GlobalSection(NestedProjects) = preSolution
		{0AC8458E-A6E8-4140-A788-731CCFF0A8A4} = {B76BCA1C-D17A-4398-B9BE-A17DC09D86E7}
		{B76BCA1C-D17A-4398-B9BE-A17DC09D86E7} = {EBC42171-3AAC-4943-AD07-16926C00BF8A}
		{75F38616-5663-4B4D-8EFC-48A938AE55B5} = {EBC42171-3AAC-4943-AD07-16926C00BF8A}
		{06B63739-818C-466F-BFB3-4176C2336702} = {EBC42171-3AAC-4943-AD07-16926C00BF8A}
		{660D0B05-B69D-4563-859A-658F4028E7A1} = {EBC42171-3AAC-4943-AD07-16926C00BF8A}
		{919A7E92-0DDC-43F2-A6E2-BC452EC7FDA6} = {06B63739-818C-466F-BFB3-4176C2336702}
		{7DA180BD-FEE2-413C-B1D8-3DF0086FD0C3} = {660D0B05-B69D-4563-859A-658F4028E7A1}
		{F40179FE-B9BC-482D-AC45-A127DFDB77A3} = {75F38616-5663-4B4D-8EFC-48A938AE55B5}
		{CE763AC2-12A7-49C3-B2EF-F13C6A238DFF} = {6F94BC02-CE4B-44D1-9C38-4F8DE54379AD}
		{13A47593-83E6-4756-990A-CB06DFDA0F37} = {6F94BC02-CE4B-44D1-9C38-4F8DE54379AD}
		{DF8283CC-1E57-4FDB-BF3A-423D29783D96} = {13A47593-83E6-4756-990A-CB06DFDA0F37}
		{ABA9A203-774B-44F5-B5B2-9E6C52BADBB6} = {CE763AC2-12A7-49C3-B2EF-F13C6A238DFF}
	EndGlobalSection
	GlobalSection(ExtensibilityGlobals) = postSolution
		SolutionGuid = {99AD231D-877D-4A18-88E5-C6F5A7748B71}
	EndGlobalSection
EndGlobal
